{
  "name": "webdav-push",
  "lockfileVersion": 3,
  "requires": true,
  "packages": {
    "": {
      "dependencies": {
        "aasvg": "^0.4.3"
      }
    },
    "node_modules/aasvg": {
      "version": "0.4.3",
      "resolved": "https://registry.npmjs.org/aasvg/-/aasvg-0.4.3.tgz",
      "integrity": "sha512-n9I0JklitjU1xVtzQuaHJyUJpI38Q+xbxfeHr//eDHvqCVTOOs3tKN+bqeAfde5owZC/BIrBAg8yKaiB8lkJwA==",
      "license": "BSD",
      "bin": {
        "aasvg": "main.js"
      },
      "engines": {
        "node": ">=10"
      }
    }
  }
}
